
Microsoft Visual Studio Solution File, Format Version 12.00
# Visual Studio Version 17
VisualStudioVersion = 17.2.32526.322
MinimumVisualStudioVersion = 10.0.40219.1
Project("{FAE04EC0-301F-11D3-BF4B-00C04F79EFBC}") = "CSharpStudy220603", "CSharpStudy220603\CSharpStudy220603.csproj", "{03C89896-9447-490E-800F-BD41C93625B0}"
EndProject
Project("{FAE04EC0-301F-11D3-BF4B-00C04F79EFBC}") = "CSharpStudy220603_02", "CSharpStudy220603_02\CSharpStudy220603_02.csproj", "{F222205E-870A-4843-A321-C33BA8D81499}"
EndProject
Project("{FAE04EC0-301F-11D3-BF4B-00C04F79EFBC}") = "CSharpStudy220603_03", "CSharpStudy220603_03\CSharpStudy220603_03.csproj", "{2A4508CF-99F1-4760-8E73-DB2F63EE532E}"
EndProject
Project("{FAE04EC0-301F-11D3-BF4B-00C04F79EFBC}") = "CSharpStudy220603_04", "CSharpStudy220603_04\CSharpStudy220603_04.csproj", "{20748610-25FF-4A80-8B81-83D45B478A4E}"
EndProject
Project("{FAE04EC0-301F-11D3-BF4B-00C04F79EFBC}") = "CSharpStudyHW220603", "CSharpStudyHW220603\CSharpStudyHW220603.csproj", "{27832343-01BB-431D-BC77-A52A85C04500}"
EndProject
Global
	GlobalSection(SolutionConfigurationPlatforms) = preSolution
		Debug|Any CPU = Debug|Any CPU
		Release|Any CPU = Release|Any CPU
	EndGlobalSection
	GlobalSection(ProjectConfigurationPlatforms) = postSolution
		{03C89896-9447-490E-800F-BD41C93625B0}.Debug|Any CPU.ActiveCfg = Debug|Any CPU
		{03C89896-9447-490E-800F-BD41C93625B0}.Debug|Any CPU.Build.0 = Debug|Any CPU
		{03C89896-9447-490E-800F-BD41C93625B0}.Release|Any CPU.ActiveCfg = Release|Any CPU
		{03C89896-9447-490E-800F-BD41C93625B0}.Release|Any CPU.Build.0 = Release|Any CPU
		{F222205E-870A-4843-A321-C33BA8D81499}.Debug|Any CPU.ActiveCfg = Debug|Any CPU
		{F222205E-870A-4843-A321-C33BA8D81499}.Debug|Any CPU.Build.0 = Debug|Any CPU
		{F222205E-870A-4843-A321-C33BA8D81499}.Release|Any CPU.ActiveCfg = Release|Any CPU
		{F222205E-870A-4843-A321-C33BA8D81499}.Release|Any CPU.Build.0 = Release|Any CPU
		{2A4508CF-99F1-4760-8E73-DB2F63EE532E}.Debug|Any CPU.ActiveCfg = Debug|Any CPU
		{2A4508CF-99F1-4760-8E73-DB2F63EE532E}.Debug|Any CPU.Build.0 = Debug|Any CPU
		{2A4508CF-99F1-4760-8E73-DB2F63EE532E}.Release|Any CPU.ActiveCfg = Release|Any CPU
		{2A4508CF-99F1-4760-8E73-DB2F63EE532E}.Release|Any CPU.Build.0 = Release|Any CPU
		{20748610-25FF-4A80-8B81-83D45B478A4E}.Debug|Any CPU.ActiveCfg = Debug|Any CPU
		{20748610-25FF-4A80-8B81-83D45B478A4E}.Debug|Any CPU.Build.0 = Debug|Any CPU
		{20748610-25FF-4A80-8B81-83D45B478A4E}.Release|Any CPU.ActiveCfg = Release|Any CPU
		{20748610-25FF-4A80-8B81-83D45B478A4E}.Release|Any CPU.Build.0 = Release|Any CPU
		{27832343-01BB-431D-BC77-A52A85C04500}.Debug|Any CPU.ActiveCfg = Debug|Any CPU
		{27832343-01BB-431D-BC77-A52A85C04500}.Debug|Any CPU.Build.0 = Debug|Any CPU
		{27832343-01BB-431D-BC77-A52A85C04500}.Release|Any CPU.ActiveCfg = Release|Any CPU
		{27832343-01BB-431D-BC77-A52A85C04500}.Release|Any CPU.Build.0 = Release|Any CPU
	EndGlobalSection
	GlobalSection(SolutionProperties) = preSolution
		HideSolutionNode = FALSE
	EndGlobalSection
	GlobalSection(ExtensibilityGlobals) = postSolution
		SolutionGuid = {88651A55-AF7B-4C08-9C89-06E9FB6B71FC}
	EndGlobalSection
EndGlobal
